
Microsoft Visual Studio Solution File, Format Version 12.00
# Visual Studio Version 16
VisualStudioVersion = 16.0.33529.622
MinimumVisualStudioVersion = 10.0.40219.1
Project("{FAE04EC0-301F-11D3-BF4B-00C04F79EFBC}") = "WebApplication5", "WebApplication5.csproj", "{759ECD45-6F72-43F2-AB7B-24B2068EF8FD}"
EndProject
Global
	GlobalSection(SolutionConfigurationPlatforms) = preSolution
		Debug|Any CPU = Debug|Any CPU
		Release|Any CPU = Release|Any CPU
	EndGlobalSection
	GlobalSection(ProjectConfigurationPlatforms) = postSolution
		{759ECD45-6F72-43F2-AB7B-24B2068EF8FD}.Debug|Any CPU.ActiveCfg = Debug|Any CPU
		{759ECD45-6F72-43F2-AB7B-24B2068EF8FD}.Debug|Any CPU.Build.0 = Debug|Any CPU
		{759ECD45-6F72-43F2-AB7B-24B2068EF8FD}.Release|Any CPU.ActiveCfg = Release|Any CPU
		{759ECD45-6F72-43F2-AB7B-24B2068EF8FD}.Release|Any CPU.Build.0 = Release|Any CPU
	EndGlobalSection
	GlobalSection(SolutionProperties) = preSolution
		HideSolutionNode = FALSE
	EndGlobalSection
	GlobalSection(ExtensibilityGlobals) = postSolution
		SolutionGuid = {56A7E741-82FA-44DD-8A94-DAEB460BD82F}
	EndGlobalSection
EndGlobal
